// !$*UTF8*$!
{
	archiveVersion = 1;
	classes = {
	};
	objectVersion = 50;
	objects = {

/* Begin PBXBuildFile section */
		6C4EE2F325789CD300A28B88 /* Matrix.swift in Sources */ = {isa = PBXBuildFile; fileRef = 6C4EE2F025789CD300A28B88 /* Matrix.swift */; };
		6C4EE2F425789CD300A28B88 /* MatrixMultiply.swift in Sources */ = {isa = PBXBuildFile; fileRef = 6C4EE2F125789CD300A28B88 /* MatrixMultiply.swift */; };
		6C4EE2F525789CD300A28B88 /* MatrixSVD.swift in Sources */ = {isa = PBXBuildFile; fileRef = 6C4EE2F225789CD300A28B88 /* MatrixSVD.swift */; };
		6C5BB7EE257A378300C36817 /* Sphere.swift in Sources */ = {isa = PBXBuildFile; fileRef = 6C5BB7ED257A378300C36817 /* Sphere.swift */; };
		6CD02D4D2562CB9600E90615 /* Utils.swift in Sources */ = {isa = PBXBuildFile; fileRef = 6CD02D4C2562CB9600E90615 /* Utils.swift */; };
		6CDEC90E255C380700FBB946 /* main.swift in Sources */ = {isa = PBXBuildFile; fileRef = 6CDEC90D255C380700FBB946 /* main.swift */; };
		6CDEC916255C3A9C00FBB946 /* Plane.swift in Sources */ = {isa = PBXBuildFile; fileRef = 6CDEC915255C3A9C00FBB946 /* Plane.swift */; };
		6CDEC919255C3C8100FBB946 /* Line.swift in Sources */ = {isa = PBXBuildFile; fileRef = 6CDEC918255C3C8100FBB946 /* Line.swift */; };
		6CDF0E4D25DFCC8200A34561 /* Polygon.swift in Sources */ = {isa = PBXBuildFile; fileRef = 6CDF0E4925DFCC8200A34561 /* Polygon.swift */; };
		6CDF0E4E25DFCC8200A34561 /* Segment.swift in Sources */ = {isa = PBXBuildFile; fileRef = 6CDF0E4A25DFCC8200A34561 /* Segment.swift */; };
		6CDF0E4F25DFCC8200A34561 /* Ray.swift in Sources */ = {isa = PBXBuildFile; fileRef = 6CDF0E4B25DFCC8200A34561 /* Ray.swift */; };
		6CDF0E5025DFCC8200A34561 /* Triangle.swift in Sources */ = {isa = PBXBuildFile; fileRef = 6CDF0E4C25DFCC8200A34561 /* Triangle.swift */; };
/* End PBXBuildFile section */

/* Begin PBXCopyFilesBuildPhase section */
		6CDEC908255C380700FBB946 /* CopyFiles */ = {
			isa = PBXCopyFilesBuildPhase;
			buildActionMask = 2147483647;
			dstPath = /usr/share/man/man1/;
			dstSubfolderSpec = 0;
			files = (
			);
			runOnlyForDeploymentPostprocessing = 1;
		};
/* End PBXCopyFilesBuildPhase section */

/* Begin PBXFileReference section */
		6C4EE2F025789CD300A28B88 /* Matrix.swift */ = {isa = PBXFileReference; fileEncoding = 4; lastKnownFileType = sourcecode.swift; path = Matrix.swift; sourceTree = "<group>"; };
		6C4EE2F125789CD300A28B88 /* MatrixMultiply.swift */ = {isa = PBXFileReference; fileEncoding = 4; lastKnownFileType = sourcecode.swift; path = MatrixMultiply.swift; sourceTree = "<group>"; };
		6C4EE2F225789CD300A28B88 /* MatrixSVD.swift */ = {isa = PBXFileReference; fileEncoding = 4; lastKnownFileType = sourcecode.swift; path = MatrixSVD.swift; sourceTree = "<group>"; };
		6C5BB7ED257A378300C36817 /* Sphere.swift */ = {isa = PBXFileReference; lastKnownFileType = sourcecode.swift; path = Sphere.swift; sourceTree = "<group>"; };
		6CD02D4C2562CB9600E90615 /* Utils.swift */ = {isa = PBXFileReference; lastKnownFileType = sourcecode.swift; path = Utils.swift; sourceTree = "<group>"; };
		6CDEC90A255C380700FBB946 /* ComputationalGeometry */ = {isa = PBXFileReference; explicitFileType = "compiled.mach-o.executable"; includeInIndex = 0; path = ComputationalGeometry; sourceTree = BUILT_PRODUCTS_DIR; };
		6CDEC90D255C380700FBB946 /* main.swift */ = {isa = PBXFileReference; lastKnownFileType = sourcecode.swift; path = main.swift; sourceTree = "<group>"; };
		6CDEC915255C3A9C00FBB946 /* Plane.swift */ = {isa = PBXFileReference; lastKnownFileType = sourcecode.swift; path = Plane.swift; sourceTree = "<group>"; };
		6CDEC918255C3C8100FBB946 /* Line.swift */ = {isa = PBXFileReference; lastKnownFileType = sourcecode.swift; path = Line.swift; sourceTree = "<group>"; };
		6CDF0E4925DFCC8200A34561 /* Polygon.swift */ = {isa = PBXFileReference; fileEncoding = 4; lastKnownFileType = sourcecode.swift; path = Polygon.swift; sourceTree = "<group>"; };
		6CDF0E4A25DFCC8200A34561 /* Segment.swift */ = {isa = PBXFileReference; fileEncoding = 4; lastKnownFileType = sourcecode.swift; path = Segment.swift; sourceTree = "<group>"; };
		6CDF0E4B25DFCC8200A34561 /* Ray.swift */ = {isa = PBXFileReference; fileEncoding = 4; lastKnownFileType = sourcecode.swift; path = Ray.swift; sourceTree = "<group>"; };
		6CDF0E4C25DFCC8200A34561 /* Triangle.swift */ = {isa = PBXFileReference; fileEncoding = 4; lastKnownFileType = sourcecode.swift; path = Triangle.swift; sourceTree = "<group>"; };
/* End PBXFileReference section */

/* Begin PBXFrameworksBuildPhase section */
		6CDEC907255C380700FBB946 /* Frameworks */ = {
			isa = PBXFrameworksBuildPhase;
			buildActionMask = 2147483647;
			files = (
			);
			runOnlyForDeploymentPostprocessing = 0;
		};
/* End PBXFrameworksBuildPhase section */

/* Begin PBXGroup section */
		6C4EE2EF25789CBA00A28B88 /* Matrix */ = {
			isa = PBXGroup;
			children = (
				6C4EE2F025789CD300A28B88 /* Matrix.swift */,
				6C4EE2F125789CD300A28B88 /* MatrixMultiply.swift */,
				6C4EE2F225789CD300A28B88 /* MatrixSVD.swift */,
			);
			path = Matrix;
			sourceTree = "<group>";
		};
		6CDEC901255C380700FBB946 = {
			isa = PBXGroup;
			children = (
				6CDEC90C255C380700FBB946 /* ComputationalGeometry */,
				6CDEC90B255C380700FBB946 /* Products */,
			);
			sourceTree = "<group>";
		};
		6CDEC90B255C380700FBB946 /* Products */ = {
			isa = PBXGroup;
			children = (
				6CDEC90A255C380700FBB946 /* ComputationalGeometry */,
			);
			name = Products;
			sourceTree = "<group>";
		};
		6CDEC90C255C380700FBB946 /* ComputationalGeometry */ = {
			isa = PBXGroup;
			children = (
				6C4EE2EF25789CBA00A28B88 /* Matrix */,
				6CDEC90D255C380700FBB946 /* main.swift */,
				6CD02D4C2562CB9600E90615 /* Utils.swift */,
				6CDEC915255C3A9C00FBB946 /* Plane.swift */,
				6CDEC918255C3C8100FBB946 /* Line.swift */,
				6C5BB7ED257A378300C36817 /* Sphere.swift */,
				6CDF0E4925DFCC8200A34561 /* Polygon.swift */,
				6CDF0E4B25DFCC8200A34561 /* Ray.swift */,
				6CDF0E4A25DFCC8200A34561 /* Segment.swift */,
				6CDF0E4C25DFCC8200A34561 /* Triangle.swift */,
			);
			path = ComputationalGeometry;
			sourceTree = "<group>";
		};
/* End PBXGroup section */

/* Begin PBXNativeTarget section */
		6CDEC909255C380700FBB946 /* ComputationalGeometry */ = {
			isa = PBXNativeTarget;
			buildConfigurationList = 6CDEC911255C380700FBB946 /* Build configuration list for PBXNativeTarget "ComputationalGeometry" */;
			buildPhases = (
				6CDEC906255C380700FBB946 /* Sources */,
				6CDEC907255C380700FBB946 /* Frameworks */,
				6CDEC908255C380700FBB946 /* CopyFiles */,
			);
			buildRules = (
			);
			dependencies = (
			);
			name = ComputationalGeometry;
			productName = Distance;
			productReference = 6CDEC90A255C380700FBB946 /* ComputationalGeometry */;
			productType = "com.apple.product-type.tool";
		};
/* End PBXNativeTarget section */

/* Begin PBXProject section */
		6CDEC902255C380700FBB946 /* Project object */ = {
			isa = PBXProject;
			attributes = {
				LastSwiftUpdateCheck = 1210;
				LastUpgradeCheck = 1220;
				TargetAttributes = {
					6CDEC909255C380700FBB946 = {
						CreatedOnToolsVersion = 12.1;
					};
				};
			};
			buildConfigurationList = 6CDEC905255C380700FBB946 /* Build configuration list for PBXProject "ComputationalGeometry" */;
			compatibilityVersion = "Xcode 9.3";
			developmentRegion = en;
			hasScannedForEncodings = 0;
			knownRegions = (
				en,
				Base,
			);
			mainGroup = 6CDEC901255C380700FBB946;
			productRefGroup = 6CDEC90B255C380700FBB946 /* Products */;
			projectDirPath = "";
			projectRoot = "";
			targets = (
				6CDEC909255C380700FBB946 /* ComputationalGeometry */,
			);
		};
/* End PBXProject section */

/* Begin PBXSourcesBuildPhase section */
		6CDEC906255C380700FBB946 /* Sources */ = {
			isa = PBXSourcesBuildPhase;
			buildActionMask = 2147483647;
			files = (
				6CDEC919255C3C8100FBB946 /* Line.swift in Sources */,
				6CDF0E4E25DFCC8200A34561 /* Segment.swift in Sources */,
				6C4EE2F325789CD300A28B88 /* Matrix.swift in Sources */,
				6CDF0E5025DFCC8200A34561 /* Triangle.swift in Sources */,
				6C4EE2F425789CD300A28B88 /* MatrixMultiply.swift in Sources */,
				6CDEC916255C3A9C00FBB946 /* Plane.swift in Sources */,
				6CDEC90E255C380700FBB946 /* main.swift in Sources */,
				6CDF0E4D25DFCC8200A34561 /* Polygon.swift in Sources */,
				6C4EE2F525789CD300A28B88 /* MatrixSVD.swift in Sources */,
				6C5BB7EE257A378300C36817 /* Sphere.swift in Sources */,
				6CDF0E4F25DFCC8200A34561 /* Ray.swift in Sources */,
				6CD02D4D2562CB9600E90615 /* Utils.swift in Sources */,
			);
			runOnlyForDeploymentPostprocessing = 0;
		};
/* End PBXSourcesBuildPhase section */

/* Begin XCBuildConfiguration section */
		6CDEC90F255C380700FBB946 /* Debug */ = {
			isa = XCBuildConfiguration;
			buildSettings = {
				ALWAYS_SEARCH_USER_PATHS = NO;
				CLANG_ANALYZER_NONNULL = YES;
				CLANG_ANALYZER_NUMBER_OBJECT_CONVERSION = YES_AGGRESSIVE;
				CLANG_CXX_LANGUAGE_STANDARD = "gnu++14";
				CLANG_CXX_LIBRARY = "libc++";
				CLANG_ENABLE_MODULES = YES;
				CLANG_ENABLE_OBJC_ARC = YES;
				CLANG_ENABLE_OBJC_WEAK = YES;
				CLANG_WARN_BLOCK_CAPTURE_AUTORELEASING = YES;
				CLANG_WARN_BOOL_CONVERSION = YES;
				CLANG_WARN_COMMA = YES;
				CLANG_WARN_CONSTANT_CONVERSION = YES;
				CLANG_WARN_DEPRECATED_OBJC_IMPLEMENTATIONS = YES;
				CLANG_WARN_DIRECT_OBJC_ISA_USAGE = YES_ERROR;
				CLANG_WARN_DOCUMENTATION_COMMENTS = YES;
				CLANG_WARN_EMPTY_BODY = YES;
				CLANG_WARN_ENUM_CONVERSION = YES;
				CLANG_WARN_INFINITE_RECURSION = YES;
				CLANG_WARN_INT_CONVERSION = YES;
				CLANG_WARN_NON_LITERAL_NULL_CONVERSION = YES;
				CLANG_WARN_OBJC_IMPLICIT_RETAIN_SELF = YES;
				CLANG_WARN_OBJC_LITERAL_CONVERSION = YES;
				CLANG_WARN_OBJC_ROOT_CLASS = YES_ERROR;
				CLANG_WARN_QUOTED_INCLUDE_IN_FRAMEWORK_HEADER = YES;
				CLANG_WARN_RANGE_LOOP_ANALYSIS = YES;
				CLANG_WARN_STRICT_PROTOTYPES = YES;
				CLANG_WARN_SUSPICIOUS_MOVE = YES;
				CLANG_WARN_UNGUARDED_AVAILABILITY = YES_AGGRESSIVE;
				CLANG_WARN_UNREACHABLE_CODE = YES;
				CLANG_WARN__DUPLICATE_METHOD_MATCH = YES;
				COPY_PHASE_STRIP = NO;
				DEBUG_INFORMATION_FORMAT = dwarf;
				ENABLE_STRICT_OBJC_MSGSEND = YES;
				ENABLE_TESTABILITY = YES;
				GCC_C_LANGUAGE_STANDARD = gnu11;
				GCC_DYNAMIC_NO_PIC = NO;
				GCC_NO_COMMON_BLOCKS = YES;
				GCC_OPTIMIZATION_LEVEL = 0;
				GCC_PREPROCESSOR_DEFINITIONS = (
					"DEBUG=1",
					"$(inherited)",
				);
				GCC_WARN_64_TO_32_BIT_CONVERSION = YES;
				GCC_WARN_ABOUT_RETURN_TYPE = YES_ERROR;
				GCC_WARN_UNDECLARED_SELECTOR = YES;
				GCC_WARN_UNINITIALIZED_AUTOS = YES_AGGRESSIVE;
				GCC_WARN_UNUSED_FUNCTION = YES;
				GCC_WARN_UNUSED_VARIABLE = YES;
				MACOSX_DEPLOYMENT_TARGET = 10.15;
				MTL_ENABLE_DEBUG_INFO = INCLUDE_SOURCE;
				MTL_FAST_MATH = YES;
				ONLY_ACTIVE_ARCH = YES;
				SDKROOT = macosx;
				SWIFT_ACTIVE_COMPILATION_CONDITIONS = DEBUG;
				SWIFT_OPTIMIZATION_LEVEL = "-Onone";
			};
			name = Debug;
		};
		6CDEC910255C380700FBB946 /* Release */ = {
			isa = XCBuildConfiguration;
			buildSettings = {
				ALWAYS_SEARCH_USER_PATHS = NO;
				CLANG_ANALYZER_NONNULL = YES;
				CLANG_ANALYZER_NUMBER_OBJECT_CONVERSION = YES_AGGRESSIVE;
				CLANG_CXX_LANGUAGE_STANDARD = "gnu++14";
				CLANG_CXX_LIBRARY = "libc++";
				CLANG_ENABLE_MODULES = YES;
				CLANG_ENABLE_OBJC_ARC = YES;
				CLANG_ENABLE_OBJC_WEAK = YES;
				CLANG_WARN_BLOCK_CAPTURE_AUTORELEASING = YES;
				CLANG_WARN_BOOL_CONVERSION = YES;
				CLANG_WARN_COMMA = YES;
				CLANG_WARN_CONSTANT_CONVERSION = YES;
				CLANG_WARN_DEPRECATED_OBJC_IMPLEMENTATIONS = YES;
				CLANG_WARN_DIRECT_OBJC_ISA_USAGE = YES_ERROR;
				CLANG_WARN_DOCUMENTATION_COMMENTS = YES;
				CLANG_WARN_EMPTY_BODY = YES;
				CLANG_WARN_ENUM_CONVERSION = YES;
				CLANG_WARN_INFINITE_RECURSION = YES;
				CLANG_WARN_INT_CONVERSION = YES;
				CLANG_WARN_NON_LITERAL_NULL_CONVERSION = YES;
				CLANG_WARN_OBJC_IMPLICIT_RETAIN_SELF = YES;
				CLANG_WARN_OBJC_LITERAL_CONVERSION = YES;
				CLANG_WARN_OBJC_ROOT_CLASS = YES_ERROR;
				CLANG_WARN_QUOTED_INCLUDE_IN_FRAMEWORK_HEADER = YES;
				CLANG_WARN_RANGE_LOOP_ANALYSIS = YES;
				CLANG_WARN_STRICT_PROTOTYPES = YES;
				CLANG_WARN_SUSPICIOUS_MOVE = YES;
				CLANG_WARN_UNGUARDED_AVAILABILITY = YES_AGGRESSIVE;
				CLANG_WARN_UNREACHABLE_CODE = YES;
				CLANG_WARN__DUPLICATE_METHOD_MATCH = YES;
				COPY_PHASE_STRIP = NO;
				DEBUG_INFORMATION_FORMAT = "dwarf-with-dsym";
				ENABLE_NS_ASSERTIONS = NO;
				ENABLE_STRICT_OBJC_MSGSEND = YES;
				GCC_C_LANGUAGE_STANDARD = gnu11;
				GCC_NO_COMMON_BLOCKS = YES;
				GCC_WARN_64_TO_32_BIT_CONVERSION = YES;
				GCC_WARN_ABOUT_RETURN_TYPE = YES_ERROR;
				GCC_WARN_UNDECLARED_SELECTOR = YES;
				GCC_WARN_UNINITIALIZED_AUTOS = YES_AGGRESSIVE;
				GCC_WARN_UNUSED_FUNCTION = YES;
				GCC_WARN_UNUSED_VARIABLE = YES;
				MACOSX_DEPLOYMENT_TARGET = 10.15;
				MTL_ENABLE_DEBUG_INFO = NO;
				MTL_FAST_MATH = YES;
				SDKROOT = macosx;
				SWIFT_COMPILATION_MODE = wholemodule;
				SWIFT_OPTIMIZATION_LEVEL = "-O";
			};
			name = Release;
		};
		6CDEC912255C380700FBB946 /* Debug */ = {
			isa = XCBuildConfiguration;
			buildSettings = {
				CODE_SIGN_IDENTITY = "-";
				CODE_SIGN_STYLE = Automatic;
				PRODUCT_NAME = "$(TARGET_NAME)";
				SWIFT_VERSION = 5.0;
			};
			name = Debug;
		};
		6CDEC913255C380700FBB946 /* Release */ = {
			isa = XCBuildConfiguration;
			buildSettings = {
				CODE_SIGN_IDENTITY = "-";
				CODE_SIGN_STYLE = Automatic;
				PRODUCT_NAME = "$(TARGET_NAME)";
				SWIFT_VERSION = 5.0;
			};
			name = Release;
		};
/* End XCBuildConfiguration section */

/* Begin XCConfigurationList section */
		6CDEC905255C380700FBB946 /* Build configuration list for PBXProject "ComputationalGeometry" */ = {
			isa = XCConfigurationList;
			buildConfigurations = (
				6CDEC90F255C380700FBB946 /* Debug */,
				6CDEC910255C380700FBB946 /* Release */,
			);
			defaultConfigurationIsVisible = 0;
			defaultConfigurationName = Release;
		};
		6CDEC911255C380700FBB946 /* Build configuration list for PBXNativeTarget "ComputationalGeometry" */ = {
			isa = XCConfigurationList;
			buildConfigurations = (
				6CDEC912255C380700FBB946 /* Debug */,
				6CDEC913255C380700FBB946 /* Release */,
			);
			defaultConfigurationIsVisible = 0;
			defaultConfigurationName = Release;
		};
/* End XCConfigurationList section */
	};
	rootObject = 6CDEC902255C380700FBB946 /* Project object */;
}
