// !$*UTF8*$!
{
	archiveVersion = 1;
	classes = {
	};
	objectVersion = 50;
	objects = {

/* Begin PBXBuildFile section */
		6C0962FE27FBDDCC00957097 /* MeshResource+PlatonicSolids.swift in Sources */ = {isa = PBXBuildFile; fileRef = 6C0962FD27FBDDCC00957097 /* MeshResource+PlatonicSolids.swift */; };
		6C3A8F432621747200EC55EA /* main.swift in Sources */ = {isa = PBXBuildFile; fileRef = 6C3A8F422621747200EC55EA /* main.swift */; };
		6C3A8F592621909600EC55EA /* MatrixSV.swift in Sources */ = {isa = PBXBuildFile; fileRef = 6C3A8F582621909600EC55EA /* MatrixSV.swift */; };
		6C3A8F652621919500EC55EA /* MatrixSV.swift in Sources */ = {isa = PBXBuildFile; fileRef = 6C3A8F582621909600EC55EA /* MatrixSV.swift */; };
		6C3A8F70262191BB00EC55EA /* Matrix.swift in Sources */ = {isa = PBXBuildFile; fileRef = 6C4EE2F025789CD300A28B88 /* Matrix.swift */; };
		6C3A8F76262191BE00EC55EA /* MatrixMultiply.swift in Sources */ = {isa = PBXBuildFile; fileRef = 6C4EE2F125789CD300A28B88 /* MatrixMultiply.swift */; };
		6C3A8F7C262191C000EC55EA /* MatrixSVD.swift in Sources */ = {isa = PBXBuildFile; fileRef = 6C4EE2F225789CD300A28B88 /* MatrixSVD.swift */; };
		6C4EE2F325789CD300A28B88 /* Matrix.swift in Sources */ = {isa = PBXBuildFile; fileRef = 6C4EE2F025789CD300A28B88 /* Matrix.swift */; };
		6C4EE2F425789CD300A28B88 /* MatrixMultiply.swift in Sources */ = {isa = PBXBuildFile; fileRef = 6C4EE2F125789CD300A28B88 /* MatrixMultiply.swift */; };
		6C4EE2F525789CD300A28B88 /* MatrixSVD.swift in Sources */ = {isa = PBXBuildFile; fileRef = 6C4EE2F225789CD300A28B88 /* MatrixSVD.swift */; };
		6C5BB7EE257A378300C36817 /* Sphere.swift in Sources */ = {isa = PBXBuildFile; fileRef = 6C5BB7ED257A378300C36817 /* Sphere.swift */; };
		6C7C8B5E27BF3E9000107FD9 /* number.jpeg in Resources */ = {isa = PBXBuildFile; fileRef = 6C7C8B5D27BF3E8F00107FD9 /* number.jpeg */; };
		6C82DE5127F7F270004CE818 /* MeshResource+Cube.swift in Sources */ = {isa = PBXBuildFile; fileRef = 6C82DE5027F7F270004CE818 /* MeshResource+Cube.swift */; };
		6C93A41D2610A80900AFB4EC /* AppDelegate.swift in Sources */ = {isa = PBXBuildFile; fileRef = 6C93A41C2610A80900AFB4EC /* AppDelegate.swift */; };
		6C93A41F2610A80900AFB4EC /* art.scnassets in Resources */ = {isa = PBXBuildFile; fileRef = 6C93A41E2610A80900AFB4EC /* art.scnassets */; };
		6C93A4212610A80900AFB4EC /* ViewController.swift in Sources */ = {isa = PBXBuildFile; fileRef = 6C93A4202610A80900AFB4EC /* ViewController.swift */; };
		6C93A4242610A80900AFB4EC /* Main.storyboard in Resources */ = {isa = PBXBuildFile; fileRef = 6C93A4222610A80900AFB4EC /* Main.storyboard */; };
		6C93A4262610A80A00AFB4EC /* Assets.xcassets in Resources */ = {isa = PBXBuildFile; fileRef = 6C93A4252610A80A00AFB4EC /* Assets.xcassets */; };
		6C93A4292610A80A00AFB4EC /* LaunchScreen.storyboard in Resources */ = {isa = PBXBuildFile; fileRef = 6C93A4272610A80A00AFB4EC /* LaunchScreen.storyboard */; };
		6CA60BF527F2ACE000756C00 /* MeshResource+Capsule.swift in Sources */ = {isa = PBXBuildFile; fileRef = 6CA60BF427F2ACE000756C00 /* MeshResource+Capsule.swift */; };
		6CBC76E427C331B600F45FD2 /* MeshResource+Cylinder.swift in Sources */ = {isa = PBXBuildFile; fileRef = 6CBC76DC27C331B600F45FD2 /* MeshResource+Cylinder.swift */; };
		6CBC76E627C331B600F45FD2 /* MeshResource+Torus.swift in Sources */ = {isa = PBXBuildFile; fileRef = 6CBC76DE27C331B600F45FD2 /* MeshResource+Torus.swift */; };
		6CBC76E727C331B600F45FD2 /* MeshResource+Cone.swift in Sources */ = {isa = PBXBuildFile; fileRef = 6CBC76DF27C331B600F45FD2 /* MeshResource+Cone.swift */; };
		6CBC76E827C331B600F45FD2 /* MeshResource+Planes.swift in Sources */ = {isa = PBXBuildFile; fileRef = 6CBC76E027C331B600F45FD2 /* MeshResource+Planes.swift */; };
		6CD02D4D2562CB9600E90615 /* simd_float+Utils.swift in Sources */ = {isa = PBXBuildFile; fileRef = 6CD02D4C2562CB9600E90615 /* simd_float+Utils.swift */; };
		6CDEC90E255C380700FBB946 /* main.swift in Sources */ = {isa = PBXBuildFile; fileRef = 6CDEC90D255C380700FBB946 /* main.swift */; };
		6CDEC916255C3A9C00FBB946 /* Plane.swift in Sources */ = {isa = PBXBuildFile; fileRef = 6CDEC915255C3A9C00FBB946 /* Plane.swift */; };
		6CDEC919255C3C8100FBB946 /* Line.swift in Sources */ = {isa = PBXBuildFile; fileRef = 6CDEC918255C3C8100FBB946 /* Line.swift */; };
		6CDF0E4D25DFCC8200A34561 /* Polygon.swift in Sources */ = {isa = PBXBuildFile; fileRef = 6CDF0E4925DFCC8200A34561 /* Polygon.swift */; };
		6CDF0E4E25DFCC8200A34561 /* Segment.swift in Sources */ = {isa = PBXBuildFile; fileRef = 6CDF0E4A25DFCC8200A34561 /* Segment.swift */; };
		6CDF0E4F25DFCC8200A34561 /* Ray.swift in Sources */ = {isa = PBXBuildFile; fileRef = 6CDF0E4B25DFCC8200A34561 /* Ray.swift */; };
		6CDF0E5025DFCC8200A34561 /* Triangle.swift in Sources */ = {isa = PBXBuildFile; fileRef = 6CDF0E4C25DFCC8200A34561 /* Triangle.swift */; };
		6CDF0E5925E5F75300A34561 /* AppDelegate.swift in Sources */ = {isa = PBXBuildFile; fileRef = 6CDF0E5825E5F75300A34561 /* AppDelegate.swift */; };
		6CDF0E5B25E5F75300A34561 /* art.scnassets in Resources */ = {isa = PBXBuildFile; fileRef = 6CDF0E5A25E5F75300A34561 /* art.scnassets */; };
		6CDF0E5D25E5F75300A34561 /* ViewController.swift in Sources */ = {isa = PBXBuildFile; fileRef = 6CDF0E5C25E5F75300A34561 /* ViewController.swift */; };
		6CDF0E6025E5F75300A34561 /* Main.storyboard in Resources */ = {isa = PBXBuildFile; fileRef = 6CDF0E5E25E5F75300A34561 /* Main.storyboard */; };
		6CDF0E6225E5F75E00A34561 /* Assets.xcassets in Resources */ = {isa = PBXBuildFile; fileRef = 6CDF0E6125E5F75E00A34561 /* Assets.xcassets */; };
		6CDF0E6525E5F75E00A34561 /* LaunchScreen.storyboard in Resources */ = {isa = PBXBuildFile; fileRef = 6CDF0E6325E5F75E00A34561 /* LaunchScreen.storyboard */; };
		6CDF0E7125E7F7BF00A34561 /* simd_matrix+Utils.swift in Sources */ = {isa = PBXBuildFile; fileRef = 6CDF0E7025E7F7BF00A34561 /* simd_matrix+Utils.swift */; };
		6CDF0E7525E7F81200A34561 /* simd_quatf+Utils.swift in Sources */ = {isa = PBXBuildFile; fileRef = 6CDF0E7425E7F81200A34561 /* simd_quatf+Utils.swift */; };
		6CDF0E8825FDF22300A34561 /* AppDelegate.swift in Sources */ = {isa = PBXBuildFile; fileRef = 6CDF0E8725FDF22300A34561 /* AppDelegate.swift */; };
		6CDF0E8A25FDF22300A34561 /* GameViewController.swift in Sources */ = {isa = PBXBuildFile; fileRef = 6CDF0E8925FDF22300A34561 /* GameViewController.swift */; };
		6CDF0E8C25FDF22300A34561 /* art.scnassets in Resources */ = {isa = PBXBuildFile; fileRef = 6CDF0E8B25FDF22300A34561 /* art.scnassets */; };
		6CDF0E8E25FDF23000A34561 /* Assets.xcassets in Resources */ = {isa = PBXBuildFile; fileRef = 6CDF0E8D25FDF23000A34561 /* Assets.xcassets */; };
		6CDF0E9125FDF23000A34561 /* Main.storyboard in Resources */ = {isa = PBXBuildFile; fileRef = 6CDF0E8F25FDF23000A34561 /* Main.storyboard */; };
		6CDF0EA925FDFB0600A34561 /* Simple.metal in Sources */ = {isa = PBXBuildFile; fileRef = 6CDF0EA825FDFB0600A34561 /* Simple.metal */; };
		6CF73A0E27BE32100050BC7C /* AppDelegate.swift in Sources */ = {isa = PBXBuildFile; fileRef = 6CF73A0D27BE32100050BC7C /* AppDelegate.swift */; };
		6CF73A1027BE32100050BC7C /* ViewController.swift in Sources */ = {isa = PBXBuildFile; fileRef = 6CF73A0F27BE32100050BC7C /* ViewController.swift */; };
		6CF73A1527BE32100050BC7C /* Main.storyboard in Resources */ = {isa = PBXBuildFile; fileRef = 6CF73A1327BE32100050BC7C /* Main.storyboard */; };
		6CF73A1727BE32130050BC7C /* Assets.xcassets in Resources */ = {isa = PBXBuildFile; fileRef = 6CF73A1627BE32130050BC7C /* Assets.xcassets */; };
		6CF73A1A27BE32130050BC7C /* LaunchScreen.storyboard in Resources */ = {isa = PBXBuildFile; fileRef = 6CF73A1827BE32130050BC7C /* LaunchScreen.storyboard */; };
/* End PBXBuildFile section */

/* Begin PBXCopyFilesBuildPhase section */
		6C3A8F3E2621747100EC55EA /* CopyFiles */ = {
			isa = PBXCopyFilesBuildPhase;
			buildActionMask = 2147483647;
			dstPath = /usr/share/man/man1/;
			dstSubfolderSpec = 0;
			files = (
			);
			runOnlyForDeploymentPostprocessing = 1;
		};
		6CDEC908255C380700FBB946 /* CopyFiles */ = {
			isa = PBXCopyFilesBuildPhase;
			buildActionMask = 2147483647;
			dstPath = /usr/share/man/man1/;
			dstSubfolderSpec = 0;
			files = (
			);
			runOnlyForDeploymentPostprocessing = 1;
		};
/* End PBXCopyFilesBuildPhase section */

/* Begin PBXFileReference section */
		6C0962FD27FBDDCC00957097 /* MeshResource+PlatonicSolids.swift */ = {isa = PBXFileReference; lastKnownFileType = sourcecode.swift; path = "MeshResource+PlatonicSolids.swift"; sourceTree = "<group>"; };
		6C3A8F402621747100EC55EA /* SimultaneousEquations */ = {isa = PBXFileReference; explicitFileType = "compiled.mach-o.executable"; includeInIndex = 0; path = SimultaneousEquations; sourceTree = BUILT_PRODUCTS_DIR; };
		6C3A8F422621747200EC55EA /* main.swift */ = {isa = PBXFileReference; lastKnownFileType = sourcecode.swift; path = main.swift; sourceTree = "<group>"; };
		6C3A8F582621909600EC55EA /* MatrixSV.swift */ = {isa = PBXFileReference; lastKnownFileType = sourcecode.swift; path = MatrixSV.swift; sourceTree = "<group>"; };
		6C4EE2F025789CD300A28B88 /* Matrix.swift */ = {isa = PBXFileReference; fileEncoding = 4; lastKnownFileType = sourcecode.swift; path = Matrix.swift; sourceTree = "<group>"; };
		6C4EE2F125789CD300A28B88 /* MatrixMultiply.swift */ = {isa = PBXFileReference; fileEncoding = 4; lastKnownFileType = sourcecode.swift; path = MatrixMultiply.swift; sourceTree = "<group>"; };
		6C4EE2F225789CD300A28B88 /* MatrixSVD.swift */ = {isa = PBXFileReference; fileEncoding = 4; lastKnownFileType = sourcecode.swift; path = MatrixSVD.swift; sourceTree = "<group>"; };
		6C5BB7ED257A378300C36817 /* Sphere.swift */ = {isa = PBXFileReference; lastKnownFileType = sourcecode.swift; path = Sphere.swift; sourceTree = "<group>"; };
		6C7C8B5D27BF3E8F00107FD9 /* number.jpeg */ = {isa = PBXFileReference; lastKnownFileType = image.jpeg; path = number.jpeg; sourceTree = "<group>"; };
		6C82DE5027F7F270004CE818 /* MeshResource+Cube.swift */ = {isa = PBXFileReference; lastKnownFileType = sourcecode.swift; path = "MeshResource+Cube.swift"; sourceTree = "<group>"; };
		6C93A41A2610A80900AFB4EC /* RelativeMovement.app */ = {isa = PBXFileReference; explicitFileType = wrapper.application; includeInIndex = 0; path = RelativeMovement.app; sourceTree = BUILT_PRODUCTS_DIR; };
		6C93A41C2610A80900AFB4EC /* AppDelegate.swift */ = {isa = PBXFileReference; lastKnownFileType = sourcecode.swift; path = AppDelegate.swift; sourceTree = "<group>"; };
		6C93A41E2610A80900AFB4EC /* art.scnassets */ = {isa = PBXFileReference; lastKnownFileType = wrapper.scnassets; path = art.scnassets; sourceTree = "<group>"; };
		6C93A4202610A80900AFB4EC /* ViewController.swift */ = {isa = PBXFileReference; lastKnownFileType = sourcecode.swift; path = ViewController.swift; sourceTree = "<group>"; };
		6C93A4232610A80900AFB4EC /* Base */ = {isa = PBXFileReference; lastKnownFileType = file.storyboard; name = Base; path = Base.lproj/Main.storyboard; sourceTree = "<group>"; };
		6C93A4252610A80A00AFB4EC /* Assets.xcassets */ = {isa = PBXFileReference; lastKnownFileType = folder.assetcatalog; path = Assets.xcassets; sourceTree = "<group>"; };
		6C93A4282610A80A00AFB4EC /* Base */ = {isa = PBXFileReference; lastKnownFileType = file.storyboard; name = Base; path = Base.lproj/LaunchScreen.storyboard; sourceTree = "<group>"; };
		6C93A42A2610A80A00AFB4EC /* Info.plist */ = {isa = PBXFileReference; lastKnownFileType = text.plist.xml; path = Info.plist; sourceTree = "<group>"; };
		6CA60BF427F2ACE000756C00 /* MeshResource+Capsule.swift */ = {isa = PBXFileReference; lastKnownFileType = sourcecode.swift; path = "MeshResource+Capsule.swift"; sourceTree = "<group>"; };
		6CBC76DC27C331B600F45FD2 /* MeshResource+Cylinder.swift */ = {isa = PBXFileReference; fileEncoding = 4; lastKnownFileType = sourcecode.swift; path = "MeshResource+Cylinder.swift"; sourceTree = "<group>"; };
		6CBC76DE27C331B600F45FD2 /* MeshResource+Torus.swift */ = {isa = PBXFileReference; fileEncoding = 4; lastKnownFileType = sourcecode.swift; path = "MeshResource+Torus.swift"; sourceTree = "<group>"; };
		6CBC76DF27C331B600F45FD2 /* MeshResource+Cone.swift */ = {isa = PBXFileReference; fileEncoding = 4; lastKnownFileType = sourcecode.swift; path = "MeshResource+Cone.swift"; sourceTree = "<group>"; };
		6CBC76E027C331B600F45FD2 /* MeshResource+Planes.swift */ = {isa = PBXFileReference; fileEncoding = 4; lastKnownFileType = sourcecode.swift; path = "MeshResource+Planes.swift"; sourceTree = "<group>"; };
		6CD02D4C2562CB9600E90615 /* simd_float+Utils.swift */ = {isa = PBXFileReference; lastKnownFileType = sourcecode.swift; path = "simd_float+Utils.swift"; sourceTree = "<group>"; };
		6CDEC90A255C380700FBB946 /* ComputationalGeometry */ = {isa = PBXFileReference; explicitFileType = "compiled.mach-o.executable"; includeInIndex = 0; path = ComputationalGeometry; sourceTree = BUILT_PRODUCTS_DIR; };
		6CDEC90D255C380700FBB946 /* main.swift */ = {isa = PBXFileReference; lastKnownFileType = sourcecode.swift; path = main.swift; sourceTree = "<group>"; };
		6CDEC915255C3A9C00FBB946 /* Plane.swift */ = {isa = PBXFileReference; lastKnownFileType = sourcecode.swift; path = Plane.swift; sourceTree = "<group>"; };
		6CDEC918255C3C8100FBB946 /* Line.swift */ = {isa = PBXFileReference; lastKnownFileType = sourcecode.swift; path = Line.swift; sourceTree = "<group>"; };
		6CDF0E4925DFCC8200A34561 /* Polygon.swift */ = {isa = PBXFileReference; fileEncoding = 4; lastKnownFileType = sourcecode.swift; path = Polygon.swift; sourceTree = "<group>"; };
		6CDF0E4A25DFCC8200A34561 /* Segment.swift */ = {isa = PBXFileReference; fileEncoding = 4; lastKnownFileType = sourcecode.swift; path = Segment.swift; sourceTree = "<group>"; };
		6CDF0E4B25DFCC8200A34561 /* Ray.swift */ = {isa = PBXFileReference; fileEncoding = 4; lastKnownFileType = sourcecode.swift; path = Ray.swift; sourceTree = "<group>"; };
		6CDF0E4C25DFCC8200A34561 /* Triangle.swift */ = {isa = PBXFileReference; fileEncoding = 4; lastKnownFileType = sourcecode.swift; path = Triangle.swift; sourceTree = "<group>"; };
		6CDF0E5625E5F75300A34561 /* FrontOfAR.app */ = {isa = PBXFileReference; explicitFileType = wrapper.application; includeInIndex = 0; path = FrontOfAR.app; sourceTree = BUILT_PRODUCTS_DIR; };
		6CDF0E5825E5F75300A34561 /* AppDelegate.swift */ = {isa = PBXFileReference; lastKnownFileType = sourcecode.swift; path = AppDelegate.swift; sourceTree = "<group>"; };
		6CDF0E5A25E5F75300A34561 /* art.scnassets */ = {isa = PBXFileReference; lastKnownFileType = wrapper.scnassets; path = art.scnassets; sourceTree = "<group>"; };
		6CDF0E5C25E5F75300A34561 /* ViewController.swift */ = {isa = PBXFileReference; lastKnownFileType = sourcecode.swift; path = ViewController.swift; sourceTree = "<group>"; };
		6CDF0E5F25E5F75300A34561 /* Base */ = {isa = PBXFileReference; lastKnownFileType = file.storyboard; name = Base; path = Base.lproj/Main.storyboard; sourceTree = "<group>"; };
		6CDF0E6125E5F75E00A34561 /* Assets.xcassets */ = {isa = PBXFileReference; lastKnownFileType = folder.assetcatalog; path = Assets.xcassets; sourceTree = "<group>"; };
		6CDF0E6425E5F75E00A34561 /* Base */ = {isa = PBXFileReference; lastKnownFileType = file.storyboard; name = Base; path = Base.lproj/LaunchScreen.storyboard; sourceTree = "<group>"; };
		6CDF0E6625E5F75E00A34561 /* Info.plist */ = {isa = PBXFileReference; lastKnownFileType = text.plist.xml; path = Info.plist; sourceTree = "<group>"; };
		6CDF0E7025E7F7BF00A34561 /* simd_matrix+Utils.swift */ = {isa = PBXFileReference; lastKnownFileType = sourcecode.swift; path = "simd_matrix+Utils.swift"; sourceTree = "<group>"; };
		6CDF0E7425E7F81200A34561 /* simd_quatf+Utils.swift */ = {isa = PBXFileReference; lastKnownFileType = sourcecode.swift; path = "simd_quatf+Utils.swift"; sourceTree = "<group>"; };
		6CDF0E8525FDF22300A34561 /* RGB&YUV.app */ = {isa = PBXFileReference; explicitFileType = wrapper.application; includeInIndex = 0; path = "RGB&YUV.app"; sourceTree = BUILT_PRODUCTS_DIR; };
		6CDF0E8725FDF22300A34561 /* AppDelegate.swift */ = {isa = PBXFileReference; lastKnownFileType = sourcecode.swift; path = AppDelegate.swift; sourceTree = "<group>"; };
		6CDF0E8925FDF22300A34561 /* GameViewController.swift */ = {isa = PBXFileReference; lastKnownFileType = sourcecode.swift; path = GameViewController.swift; sourceTree = "<group>"; };
		6CDF0E8B25FDF22300A34561 /* art.scnassets */ = {isa = PBXFileReference; lastKnownFileType = wrapper.scnassets; path = art.scnassets; sourceTree = "<group>"; };
		6CDF0E8D25FDF23000A34561 /* Assets.xcassets */ = {isa = PBXFileReference; lastKnownFileType = folder.assetcatalog; path = Assets.xcassets; sourceTree = "<group>"; };
		6CDF0E9025FDF23000A34561 /* Base */ = {isa = PBXFileReference; lastKnownFileType = file.storyboard; name = Base; path = Base.lproj/Main.storyboard; sourceTree = "<group>"; };
		6CDF0E9225FDF23000A34561 /* Info.plist */ = {isa = PBXFileReference; lastKnownFileType = text.plist.xml; path = Info.plist; sourceTree = "<group>"; };
		6CDF0E9325FDF23000A34561 /* RGB_YUV.entitlements */ = {isa = PBXFileReference; lastKnownFileType = text.plist.entitlements; path = RGB_YUV.entitlements; sourceTree = "<group>"; };
		6CDF0EA825FDFB0600A34561 /* Simple.metal */ = {isa = PBXFileReference; fileEncoding = 4; lastKnownFileType = sourcecode.metal; path = Simple.metal; sourceTree = "<group>"; };
		6CF73A0B27BE32100050BC7C /* RealityGeometry.app */ = {isa = PBXFileReference; explicitFileType = wrapper.application; includeInIndex = 0; path = RealityGeometry.app; sourceTree = BUILT_PRODUCTS_DIR; };
		6CF73A0D27BE32100050BC7C /* AppDelegate.swift */ = {isa = PBXFileReference; lastKnownFileType = sourcecode.swift; path = AppDelegate.swift; sourceTree = "<group>"; };
		6CF73A0F27BE32100050BC7C /* ViewController.swift */ = {isa = PBXFileReference; lastKnownFileType = sourcecode.swift; path = ViewController.swift; sourceTree = "<group>"; };
		6CF73A1427BE32100050BC7C /* Base */ = {isa = PBXFileReference; lastKnownFileType = file.storyboard; name = Base; path = Base.lproj/Main.storyboard; sourceTree = "<group>"; };
		6CF73A1627BE32130050BC7C /* Assets.xcassets */ = {isa = PBXFileReference; lastKnownFileType = folder.assetcatalog; path = Assets.xcassets; sourceTree = "<group>"; };
		6CF73A1927BE32130050BC7C /* Base */ = {isa = PBXFileReference; lastKnownFileType = file.storyboard; name = Base; path = Base.lproj/LaunchScreen.storyboard; sourceTree = "<group>"; };
/* End PBXFileReference section */

/* Begin PBXFrameworksBuildPhase section */
		6C3A8F3D2621747100EC55EA /* Frameworks */ = {
			isa = PBXFrameworksBuildPhase;
			buildActionMask = 2147483647;
			files = (
			);
			runOnlyForDeploymentPostprocessing = 0;
		};
		6C93A4172610A80900AFB4EC /* Frameworks */ = {
			isa = PBXFrameworksBuildPhase;
			buildActionMask = 2147483647;
			files = (
			);
			runOnlyForDeploymentPostprocessing = 0;
		};
		6CDEC907255C380700FBB946 /* Frameworks */ = {
			isa = PBXFrameworksBuildPhase;
			buildActionMask = 2147483647;
			files = (
			);
			runOnlyForDeploymentPostprocessing = 0;
		};
		6CDF0E5325E5F75300A34561 /* Frameworks */ = {
			isa = PBXFrameworksBuildPhase;
			buildActionMask = 2147483647;
			files = (
			);
			runOnlyForDeploymentPostprocessing = 0;
		};
		6CDF0E8225FDF22300A34561 /* Frameworks */ = {
			isa = PBXFrameworksBuildPhase;
			buildActionMask = 2147483647;
			files = (
			);
			runOnlyForDeploymentPostprocessing = 0;
		};
		6CF73A0827BE32100050BC7C /* Frameworks */ = {
			isa = PBXFrameworksBuildPhase;
			buildActionMask = 2147483647;
			files = (
			);
			runOnlyForDeploymentPostprocessing = 0;
		};
/* End PBXFrameworksBuildPhase section */

/* Begin PBXGroup section */
		6C3A8F412621747100EC55EA /* SimultaneousEquations */ = {
			isa = PBXGroup;
			children = (
				6C3A8F422621747200EC55EA /* main.swift */,
			);
			path = SimultaneousEquations;
			sourceTree = "<group>";
		};
		6C4EE2EF25789CBA00A28B88 /* Matrix */ = {
			isa = PBXGroup;
			children = (
				6C4EE2F025789CD300A28B88 /* Matrix.swift */,
				6C4EE2F125789CD300A28B88 /* MatrixMultiply.swift */,
				6C4EE2F225789CD300A28B88 /* MatrixSVD.swift */,
				6C3A8F582621909600EC55EA /* MatrixSV.swift */,
			);
			path = Matrix;
			sourceTree = "<group>";
		};
		6C93A41B2610A80900AFB4EC /* RelativeMovement */ = {
			isa = PBXGroup;
			children = (
				6C93A41C2610A80900AFB4EC /* AppDelegate.swift */,
				6C93A41E2610A80900AFB4EC /* art.scnassets */,
				6C93A4202610A80900AFB4EC /* ViewController.swift */,
				6C93A4222610A80900AFB4EC /* Main.storyboard */,
				6C93A4252610A80A00AFB4EC /* Assets.xcassets */,
				6C93A4272610A80A00AFB4EC /* LaunchScreen.storyboard */,
				6C93A42A2610A80A00AFB4EC /* Info.plist */,
			);
			path = RelativeMovement;
			sourceTree = "<group>";
		};
		6CBC76DB27C331B600F45FD2 /* RealityGeometries */ = {
			isa = PBXGroup;
			children = (
				6CBC76DC27C331B600F45FD2 /* MeshResource+Cylinder.swift */,
				6CA60BF427F2ACE000756C00 /* MeshResource+Capsule.swift */,
				6CBC76DE27C331B600F45FD2 /* MeshResource+Torus.swift */,
				6CBC76DF27C331B600F45FD2 /* MeshResource+Cone.swift */,
				6CBC76E027C331B600F45FD2 /* MeshResource+Planes.swift */,
				6C82DE5027F7F270004CE818 /* MeshResource+Cube.swift */,
				6C0962FD27FBDDCC00957097 /* MeshResource+PlatonicSolids.swift */,
			);
			path = RealityGeometries;
			sourceTree = "<group>";
		};
		6CDEC901255C380700FBB946 = {
			isa = PBXGroup;
			children = (
				6CDEC90C255C380700FBB946 /* ComputationalGeometry */,
				6CDF0E5725E5F75300A34561 /* FrontOfAR */,
				6CDF0E8625FDF22300A34561 /* RGB&YUV */,
				6C93A41B2610A80900AFB4EC /* RelativeMovement */,
				6C3A8F412621747100EC55EA /* SimultaneousEquations */,
				6CF73A0C27BE32100050BC7C /* RealityGeometry */,
				6CDEC90B255C380700FBB946 /* Products */,
			);
			sourceTree = "<group>";
		};
		6CDEC90B255C380700FBB946 /* Products */ = {
			isa = PBXGroup;
			children = (
				6CDEC90A255C380700FBB946 /* ComputationalGeometry */,
				6CDF0E5625E5F75300A34561 /* FrontOfAR.app */,
				6CDF0E8525FDF22300A34561 /* RGB&YUV.app */,
				6C93A41A2610A80900AFB4EC /* RelativeMovement.app */,
				6C3A8F402621747100EC55EA /* SimultaneousEquations */,
				6CF73A0B27BE32100050BC7C /* RealityGeometry.app */,
			);
			name = Products;
			sourceTree = "<group>";
		};
		6CDEC90C255C380700FBB946 /* ComputationalGeometry */ = {
			isa = PBXGroup;
			children = (
				6C4EE2EF25789CBA00A28B88 /* Matrix */,
				6CDEC90D255C380700FBB946 /* main.swift */,
				6CD02D4C2562CB9600E90615 /* simd_float+Utils.swift */,
				6CDF0E7025E7F7BF00A34561 /* simd_matrix+Utils.swift */,
				6CDF0E7425E7F81200A34561 /* simd_quatf+Utils.swift */,
				6CDEC915255C3A9C00FBB946 /* Plane.swift */,
				6CDEC918255C3C8100FBB946 /* Line.swift */,
				6C5BB7ED257A378300C36817 /* Sphere.swift */,
				6CDF0E4925DFCC8200A34561 /* Polygon.swift */,
				6CDF0E4B25DFCC8200A34561 /* Ray.swift */,
				6CDF0E4A25DFCC8200A34561 /* Segment.swift */,
				6CDF0E4C25DFCC8200A34561 /* Triangle.swift */,
			);
			path = ComputationalGeometry;
			sourceTree = "<group>";
		};
		6CDF0E5725E5F75300A34561 /* FrontOfAR */ = {
			isa = PBXGroup;
			children = (
				6CDF0E5825E5F75300A34561 /* AppDelegate.swift */,
				6CDF0E5A25E5F75300A34561 /* art.scnassets */,
				6CDF0E5C25E5F75300A34561 /* ViewController.swift */,
				6CDF0E5E25E5F75300A34561 /* Main.storyboard */,
				6CDF0E6125E5F75E00A34561 /* Assets.xcassets */,
				6CDF0E6325E5F75E00A34561 /* LaunchScreen.storyboard */,
				6CDF0E6625E5F75E00A34561 /* Info.plist */,
			);
			path = FrontOfAR;
			sourceTree = "<group>";
		};
		6CDF0E8625FDF22300A34561 /* RGB&YUV */ = {
			isa = PBXGroup;
			children = (
				6CDF0E8725FDF22300A34561 /* AppDelegate.swift */,
				6CDF0E8925FDF22300A34561 /* GameViewController.swift */,
				6CDF0EA825FDFB0600A34561 /* Simple.metal */,
				6CDF0E8B25FDF22300A34561 /* art.scnassets */,
				6CDF0E8D25FDF23000A34561 /* Assets.xcassets */,
				6CDF0E8F25FDF23000A34561 /* Main.storyboard */,
				6CDF0E9225FDF23000A34561 /* Info.plist */,
				6CDF0E9325FDF23000A34561 /* RGB_YUV.entitlements */,
			);
			path = "RGB&YUV";
			sourceTree = "<group>";
		};
		6CF73A0C27BE32100050BC7C /* RealityGeometry */ = {
			isa = PBXGroup;
			children = (
				6CBC76DB27C331B600F45FD2 /* RealityGeometries */,
				6CF73A0D27BE32100050BC7C /* AppDelegate.swift */,
				6CF73A0F27BE32100050BC7C /* ViewController.swift */,
				6C7C8B5D27BF3E8F00107FD9 /* number.jpeg */,
				6CF73A1327BE32100050BC7C /* Main.storyboard */,
				6CF73A1627BE32130050BC7C /* Assets.xcassets */,
				6CF73A1827BE32130050BC7C /* LaunchScreen.storyboard */,
			);
			path = RealityGeometry;
			sourceTree = "<group>";
		};
/* End PBXGroup section */

/* Begin PBXNativeTarget section */
		6C3A8F3F2621747100EC55EA /* SimultaneousEquations */ = {
			isa = PBXNativeTarget;
			buildConfigurationList = 6C3A8F462621747200EC55EA /* Build configuration list for PBXNativeTarget "SimultaneousEquations" */;
			buildPhases = (
				6C3A8F3C2621747100EC55EA /* Sources */,
				6C3A8F3D2621747100EC55EA /* Frameworks */,
				6C3A8F3E2621747100EC55EA /* CopyFiles */,
			);
			buildRules = (
			);
			dependencies = (
			);
			name = SimultaneousEquations;
			productName = SimultaneousEquations;
			productReference = 6C3A8F402621747100EC55EA /* SimultaneousEquations */;
			productType = "com.apple.product-type.tool";
		};
		6C93A4192610A80900AFB4EC /* RelativeMovement */ = {
			isa = PBXNativeTarget;
			buildConfigurationList = 6C93A42D2610A80A00AFB4EC /* Build configuration list for PBXNativeTarget "RelativeMovement" */;
			buildPhases = (
				6C93A4162610A80900AFB4EC /* Sources */,
				6C93A4172610A80900AFB4EC /* Frameworks */,
				6C93A4182610A80900AFB4EC /* Resources */,
			);
			buildRules = (
			);
			dependencies = (
			);
			name = RelativeMovement;
			productName = RelativeMovement;
			productReference = 6C93A41A2610A80900AFB4EC /* RelativeMovement.app */;
			productType = "com.apple.product-type.application";
		};
		6CDEC909255C380700FBB946 /* ComputationalGeometry */ = {
			isa = PBXNativeTarget;
			buildConfigurationList = 6CDEC911255C380700FBB946 /* Build configuration list for PBXNativeTarget "ComputationalGeometry" */;
			buildPhases = (
				6CDEC906255C380700FBB946 /* Sources */,
				6CDEC907255C380700FBB946 /* Frameworks */,
				6CDEC908255C380700FBB946 /* CopyFiles */,
			);
			buildRules = (
			);
			dependencies = (
			);
			name = ComputationalGeometry;
			productName = Distance;
			productReference = 6CDEC90A255C380700FBB946 /* ComputationalGeometry */;
			productType = "com.apple.product-type.tool";
		};
		6CDF0E5525E5F75300A34561 /* FrontOfAR */ = {
			isa = PBXNativeTarget;
			buildConfigurationList = 6CDF0E6925E5F75E00A34561 /* Build configuration list for PBXNativeTarget "FrontOfAR" */;
			buildPhases = (
				6CDF0E5225E5F75300A34561 /* Sources */,
				6CDF0E5325E5F75300A34561 /* Frameworks */,
				6CDF0E5425E5F75300A34561 /* Resources */,
			);
			buildRules = (
			);
			dependencies = (
			);
			name = FrontOfAR;
			productName = FrontOfAR;
			productReference = 6CDF0E5625E5F75300A34561 /* FrontOfAR.app */;
			productType = "com.apple.product-type.application";
		};
		6CDF0E8425FDF22300A34561 /* RGB&YUV */ = {
			isa = PBXNativeTarget;
			buildConfigurationList = 6CDF0E9625FDF23000A34561 /* Build configuration list for PBXNativeTarget "RGB&YUV" */;
			buildPhases = (
				6CDF0E8125FDF22300A34561 /* Sources */,
				6CDF0E8225FDF22300A34561 /* Frameworks */,
				6CDF0E8325FDF22300A34561 /* Resources */,
			);
			buildRules = (
			);
			dependencies = (
			);
			name = "RGB&YUV";
			productName = "RGB&YUV";
			productReference = 6CDF0E8525FDF22300A34561 /* RGB&YUV.app */;
			productType = "com.apple.product-type.application";
		};
		6CF73A0A27BE32100050BC7C /* RealityGeometry */ = {
			isa = PBXNativeTarget;
			buildConfigurationList = 6CF73A1D27BE32130050BC7C /* Build configuration list for PBXNativeTarget "RealityGeometry" */;
			buildPhases = (
				6CF73A0727BE32100050BC7C /* Sources */,
				6CF73A0827BE32100050BC7C /* Frameworks */,
				6CF73A0927BE32100050BC7C /* Resources */,
			);
			buildRules = (
			);
			dependencies = (
			);
			name = RealityGeometry;
			productName = RealityGeometry;
			productReference = 6CF73A0B27BE32100050BC7C /* RealityGeometry.app */;
			productType = "com.apple.product-type.application";
		};
/* End PBXNativeTarget section */

/* Begin PBXProject section */
		6CDEC902255C380700FBB946 /* Project object */ = {
			isa = PBXProject;
			attributes = {
				LastSwiftUpdateCheck = 1320;
				LastUpgradeCheck = 1220;
				TargetAttributes = {
					6C3A8F3F2621747100EC55EA = {
						CreatedOnToolsVersion = 12.4;
					};
					6C93A4192610A80900AFB4EC = {
						CreatedOnToolsVersion = 12.4;
					};
					6CDEC909255C380700FBB946 = {
						CreatedOnToolsVersion = 12.1;
					};
					6CDF0E5525E5F75300A34561 = {
						CreatedOnToolsVersion = 12.4;
					};
					6CDF0E8425FDF22300A34561 = {
						CreatedOnToolsVersion = 12.4;
					};
					6CF73A0A27BE32100050BC7C = {
						CreatedOnToolsVersion = 13.2.1;
					};
				};
			};
			buildConfigurationList = 6CDEC905255C380700FBB946 /* Build configuration list for PBXProject "ComputationalGeometry" */;
			compatibilityVersion = "Xcode 9.3";
			developmentRegion = en;
			hasScannedForEncodings = 0;
			knownRegions = (
				en,
				Base,
			);
			mainGroup = 6CDEC901255C380700FBB946;
			productRefGroup = 6CDEC90B255C380700FBB946 /* Products */;
			projectDirPath = "";
			projectRoot = "";
			targets = (
				6CDEC909255C380700FBB946 /* ComputationalGeometry */,
				6CDF0E5525E5F75300A34561 /* FrontOfAR */,
				6CDF0E8425FDF22300A34561 /* RGB&YUV */,
				6C93A4192610A80900AFB4EC /* RelativeMovement */,
				6C3A8F3F2621747100EC55EA /* SimultaneousEquations */,
				6CF73A0A27BE32100050BC7C /* RealityGeometry */,
			);
		};
/* End PBXProject section */

/* Begin PBXResourcesBuildPhase section */
		6C93A4182610A80900AFB4EC /* Resources */ = {
			isa = PBXResourcesBuildPhase;
			buildActionMask = 2147483647;
			files = (
				6C93A41F2610A80900AFB4EC /* art.scnassets in Resources */,
				6C93A4292610A80A00AFB4EC /* LaunchScreen.storyboard in Resources */,
				6C93A4262610A80A00AFB4EC /* Assets.xcassets in Resources */,
				6C93A4242610A80900AFB4EC /* Main.storyboard in Resources */,
			);
			runOnlyForDeploymentPostprocessing = 0;
		};
		6CDF0E5425E5F75300A34561 /* Resources */ = {
			isa = PBXResourcesBuildPhase;
			buildActionMask = 2147483647;
			files = (
				6CDF0E5B25E5F75300A34561 /* art.scnassets in Resources */,
				6CDF0E6525E5F75E00A34561 /* LaunchScreen.storyboard in Resources */,
				6CDF0E6225E5F75E00A34561 /* Assets.xcassets in Resources */,
				6CDF0E6025E5F75300A34561 /* Main.storyboard in Resources */,
			);
			runOnlyForDeploymentPostprocessing = 0;
		};
		6CDF0E8325FDF22300A34561 /* Resources */ = {
			isa = PBXResourcesBuildPhase;
			buildActionMask = 2147483647;
			files = (
				6CDF0E9125FDF23000A34561 /* Main.storyboard in Resources */,
				6CDF0E8E25FDF23000A34561 /* Assets.xcassets in Resources */,
				6CDF0E8C25FDF22300A34561 /* art.scnassets in Resources */,
			);
			runOnlyForDeploymentPostprocessing = 0;
		};
		6CF73A0927BE32100050BC7C /* Resources */ = {
			isa = PBXResourcesBuildPhase;
			buildActionMask = 2147483647;
			files = (
				6CF73A1A27BE32130050BC7C /* LaunchScreen.storyboard in Resources */,
				6CF73A1727BE32130050BC7C /* Assets.xcassets in Resources */,
				6CF73A1527BE32100050BC7C /* Main.storyboard in Resources */,
				6C7C8B5E27BF3E9000107FD9 /* number.jpeg in Resources */,
			);
			runOnlyForDeploymentPostprocessing = 0;
		};
/* End PBXResourcesBuildPhase section */

/* Begin PBXSourcesBuildPhase section */
		6C3A8F3C2621747100EC55EA /* Sources */ = {
			isa = PBXSourcesBuildPhase;
			buildActionMask = 2147483647;
			files = (
				6C3A8F76262191BE00EC55EA /* MatrixMultiply.swift in Sources */,
				6C3A8F432621747200EC55EA /* main.swift in Sources */,
				6C3A8F7C262191C000EC55EA /* MatrixSVD.swift in Sources */,
				6C3A8F652621919500EC55EA /* MatrixSV.swift in Sources */,
				6C3A8F70262191BB00EC55EA /* Matrix.swift in Sources */,
			);
			runOnlyForDeploymentPostprocessing = 0;
		};
		6C93A4162610A80900AFB4EC /* Sources */ = {
			isa = PBXSourcesBuildPhase;
			buildActionMask = 2147483647;
			files = (
				6C93A4212610A80900AFB4EC /* ViewController.swift in Sources */,
				6C93A41D2610A80900AFB4EC /* AppDelegate.swift in Sources */,
			);
			runOnlyForDeploymentPostprocessing = 0;
		};
		6CDEC906255C380700FBB946 /* Sources */ = {
			isa = PBXSourcesBuildPhase;
			buildActionMask = 2147483647;
			files = (
				6CDEC919255C3C8100FBB946 /* Line.swift in Sources */,
				6CDF0E4E25DFCC8200A34561 /* Segment.swift in Sources */,
				6C4EE2F325789CD300A28B88 /* Matrix.swift in Sources */,
				6CDF0E5025DFCC8200A34561 /* Triangle.swift in Sources */,
				6C4EE2F425789CD300A28B88 /* MatrixMultiply.swift in Sources */,
				6CDEC916255C3A9C00FBB946 /* Plane.swift in Sources */,
				6CDEC90E255C380700FBB946 /* main.swift in Sources */,
				6CDF0E7125E7F7BF00A34561 /* simd_matrix+Utils.swift in Sources */,
				6C3A8F592621909600EC55EA /* MatrixSV.swift in Sources */,
				6CDF0E4D25DFCC8200A34561 /* Polygon.swift in Sources */,
				6C4EE2F525789CD300A28B88 /* MatrixSVD.swift in Sources */,
				6C5BB7EE257A378300C36817 /* Sphere.swift in Sources */,
				6CDF0E4F25DFCC8200A34561 /* Ray.swift in Sources */,
				6CDF0E7525E7F81200A34561 /* simd_quatf+Utils.swift in Sources */,
				6CD02D4D2562CB9600E90615 /* simd_float+Utils.swift in Sources */,
			);
			runOnlyForDeploymentPostprocessing = 0;
		};
		6CDF0E5225E5F75300A34561 /* Sources */ = {
			isa = PBXSourcesBuildPhase;
			buildActionMask = 2147483647;
			files = (
				6CDF0E5D25E5F75300A34561 /* ViewController.swift in Sources */,
				6CDF0E5925E5F75300A34561 /* AppDelegate.swift in Sources */,
			);
			runOnlyForDeploymentPostprocessing = 0;
		};
		6CDF0E8125FDF22300A34561 /* Sources */ = {
			isa = PBXSourcesBuildPhase;
			buildActionMask = 2147483647;
			files = (
				6CDF0EA925FDFB0600A34561 /* Simple.metal in Sources */,
				6CDF0E8A25FDF22300A34561 /* GameViewController.swift in Sources */,
				6CDF0E8825FDF22300A34561 /* AppDelegate.swift in Sources */,
			);
			runOnlyForDeploymentPostprocessing = 0;
		};
		6CF73A0727BE32100050BC7C /* Sources */ = {
			isa = PBXSourcesBuildPhase;
			buildActionMask = 2147483647;
			files = (
				6CBC76E627C331B600F45FD2 /* MeshResource+Torus.swift in Sources */,
				6CF73A1027BE32100050BC7C /* ViewController.swift in Sources */,
				6C0962FE27FBDDCC00957097 /* MeshResource+PlatonicSolids.swift in Sources */,
				6CA60BF527F2ACE000756C00 /* MeshResource+Capsule.swift in Sources */,
				6CF73A0E27BE32100050BC7C /* AppDelegate.swift in Sources */,
				6C82DE5127F7F270004CE818 /* MeshResource+Cube.swift in Sources */,
				6CBC76E827C331B600F45FD2 /* MeshResource+Planes.swift in Sources */,
				6CBC76E427C331B600F45FD2 /* MeshResource+Cylinder.swift in Sources */,
				6CBC76E727C331B600F45FD2 /* MeshResource+Cone.swift in Sources */,
			);
			runOnlyForDeploymentPostprocessing = 0;
		};
/* End PBXSourcesBuildPhase section */

/* Begin PBXVariantGroup section */
		6C93A4222610A80900AFB4EC /* Main.storyboard */ = {
			isa = PBXVariantGroup;
			children = (
				6C93A4232610A80900AFB4EC /* Base */,
			);
			name = Main.storyboard;
			sourceTree = "<group>";
		};
		6C93A4272610A80A00AFB4EC /* LaunchScreen.storyboard */ = {
			isa = PBXVariantGroup;
			children = (
				6C93A4282610A80A00AFB4EC /* Base */,
			);
			name = LaunchScreen.storyboard;
			sourceTree = "<group>";
		};
		6CDF0E5E25E5F75300A34561 /* Main.storyboard */ = {
			isa = PBXVariantGroup;
			children = (
				6CDF0E5F25E5F75300A34561 /* Base */,
			);
			name = Main.storyboard;
			sourceTree = "<group>";
		};
		6CDF0E6325E5F75E00A34561 /* LaunchScreen.storyboard */ = {
			isa = PBXVariantGroup;
			children = (
				6CDF0E6425E5F75E00A34561 /* Base */,
			);
			name = LaunchScreen.storyboard;
			sourceTree = "<group>";
		};
		6CDF0E8F25FDF23000A34561 /* Main.storyboard */ = {
			isa = PBXVariantGroup;
			children = (
				6CDF0E9025FDF23000A34561 /* Base */,
			);
			name = Main.storyboard;
			sourceTree = "<group>";
		};
		6CF73A1327BE32100050BC7C /* Main.storyboard */ = {
			isa = PBXVariantGroup;
			children = (
				6CF73A1427BE32100050BC7C /* Base */,
			);
			name = Main.storyboard;
			sourceTree = "<group>";
		};
		6CF73A1827BE32130050BC7C /* LaunchScreen.storyboard */ = {
			isa = PBXVariantGroup;
			children = (
				6CF73A1927BE32130050BC7C /* Base */,
			);
			name = LaunchScreen.storyboard;
			sourceTree = "<group>";
		};
/* End PBXVariantGroup section */

/* Begin XCBuildConfiguration section */
		6C3A8F442621747200EC55EA /* Debug */ = {
			isa = XCBuildConfiguration;
			buildSettings = {
				CODE_SIGN_STYLE = Automatic;
				DEVELOPMENT_TEAM = T59W99K34W;
				ENABLE_HARDENED_RUNTIME = YES;
				MACOSX_DEPLOYMENT_TARGET = 11.1;
				PRODUCT_NAME = "$(TARGET_NAME)";
				SWIFT_VERSION = 5.0;
			};
			name = Debug;
		};
		6C3A8F452621747200EC55EA /* Release */ = {
			isa = XCBuildConfiguration;
			buildSettings = {
				CODE_SIGN_STYLE = Automatic;
				DEVELOPMENT_TEAM = T59W99K34W;
				ENABLE_HARDENED_RUNTIME = YES;
				MACOSX_DEPLOYMENT_TARGET = 11.1;
				PRODUCT_NAME = "$(TARGET_NAME)";
				SWIFT_VERSION = 5.0;
			};
			name = Release;
		};
		6C93A42B2610A80A00AFB4EC /* Debug */ = {
			isa = XCBuildConfiguration;
			buildSettings = {
				ASSETCATALOG_COMPILER_APPICON_NAME = AppIcon;
				ASSETCATALOG_COMPILER_GLOBAL_ACCENT_COLOR_NAME = AccentColor;
				CODE_SIGN_STYLE = Automatic;
				DEVELOPMENT_TEAM = T59W99K34W;
				INFOPLIST_FILE = RelativeMovement/Info.plist;
				IPHONEOS_DEPLOYMENT_TARGET = 14.4;
				LD_RUNPATH_SEARCH_PATHS = (
					"$(inherited)",
					"@executable_path/Frameworks",
				);
				PRODUCT_BUNDLE_IDENTIFIER = com.computationalgeometry.RelativeMovement;
				PRODUCT_NAME = "$(TARGET_NAME)";
				SDKROOT = iphoneos;
				SWIFT_VERSION = 5.0;
				TARGETED_DEVICE_FAMILY = "1,2";
			};
			name = Debug;
		};
		6C93A42C2610A80A00AFB4EC /* Release */ = {
			isa = XCBuildConfiguration;
			buildSettings = {
				ASSETCATALOG_COMPILER_APPICON_NAME = AppIcon;
				ASSETCATALOG_COMPILER_GLOBAL_ACCENT_COLOR_NAME = AccentColor;
				CODE_SIGN_STYLE = Automatic;
				DEVELOPMENT_TEAM = T59W99K34W;
				INFOPLIST_FILE = RelativeMovement/Info.plist;
				IPHONEOS_DEPLOYMENT_TARGET = 14.4;
				LD_RUNPATH_SEARCH_PATHS = (
					"$(inherited)",
					"@executable_path/Frameworks",
				);
				PRODUCT_BUNDLE_IDENTIFIER = com.computationalgeometry.RelativeMovement;
				PRODUCT_NAME = "$(TARGET_NAME)";
				SDKROOT = iphoneos;
				SWIFT_VERSION = 5.0;
				TARGETED_DEVICE_FAMILY = "1,2";
				VALIDATE_PRODUCT = YES;
			};
			name = Release;
		};
		6CDEC90F255C380700FBB946 /* Debug */ = {
			isa = XCBuildConfiguration;
			buildSettings = {
				ALWAYS_SEARCH_USER_PATHS = NO;
				CLANG_ANALYZER_NONNULL = YES;
				CLANG_ANALYZER_NUMBER_OBJECT_CONVERSION = YES_AGGRESSIVE;
				CLANG_CXX_LANGUAGE_STANDARD = "gnu++14";
				CLANG_CXX_LIBRARY = "libc++";
				CLANG_ENABLE_MODULES = YES;
				CLANG_ENABLE_OBJC_ARC = YES;
				CLANG_ENABLE_OBJC_WEAK = YES;
				CLANG_WARN_BLOCK_CAPTURE_AUTORELEASING = YES;
				CLANG_WARN_BOOL_CONVERSION = YES;
				CLANG_WARN_COMMA = YES;
				CLANG_WARN_CONSTANT_CONVERSION = YES;
				CLANG_WARN_DEPRECATED_OBJC_IMPLEMENTATIONS = YES;
				CLANG_WARN_DIRECT_OBJC_ISA_USAGE = YES_ERROR;
				CLANG_WARN_DOCUMENTATION_COMMENTS = YES;
				CLANG_WARN_EMPTY_BODY = YES;
				CLANG_WARN_ENUM_CONVERSION = YES;
				CLANG_WARN_INFINITE_RECURSION = YES;
				CLANG_WARN_INT_CONVERSION = YES;
				CLANG_WARN_NON_LITERAL_NULL_CONVERSION = YES;
				CLANG_WARN_OBJC_IMPLICIT_RETAIN_SELF = YES;
				CLANG_WARN_OBJC_LITERAL_CONVERSION = YES;
				CLANG_WARN_OBJC_ROOT_CLASS = YES_ERROR;
				CLANG_WARN_QUOTED_INCLUDE_IN_FRAMEWORK_HEADER = YES;
				CLANG_WARN_RANGE_LOOP_ANALYSIS = YES;
				CLANG_WARN_STRICT_PROTOTYPES = YES;
				CLANG_WARN_SUSPICIOUS_MOVE = YES;
				CLANG_WARN_UNGUARDED_AVAILABILITY = YES_AGGRESSIVE;
				CLANG_WARN_UNREACHABLE_CODE = YES;
				CLANG_WARN__DUPLICATE_METHOD_MATCH = YES;
				COPY_PHASE_STRIP = NO;
				DEBUG_INFORMATION_FORMAT = dwarf;
				ENABLE_STRICT_OBJC_MSGSEND = YES;
				ENABLE_TESTABILITY = YES;
				GCC_C_LANGUAGE_STANDARD = gnu11;
				GCC_DYNAMIC_NO_PIC = NO;
				GCC_NO_COMMON_BLOCKS = YES;
				GCC_OPTIMIZATION_LEVEL = 0;
				GCC_PREPROCESSOR_DEFINITIONS = (
					"DEBUG=1",
					"$(inherited)",
				);
				GCC_WARN_64_TO_32_BIT_CONVERSION = YES;
				GCC_WARN_ABOUT_RETURN_TYPE = YES_ERROR;
				GCC_WARN_UNDECLARED_SELECTOR = YES;
				GCC_WARN_UNINITIALIZED_AUTOS = YES_AGGRESSIVE;
				GCC_WARN_UNUSED_FUNCTION = YES;
				GCC_WARN_UNUSED_VARIABLE = YES;
				MACOSX_DEPLOYMENT_TARGET = 10.15;
				MTL_ENABLE_DEBUG_INFO = INCLUDE_SOURCE;
				MTL_FAST_MATH = YES;
				ONLY_ACTIVE_ARCH = YES;
				SDKROOT = macosx;
				SWIFT_ACTIVE_COMPILATION_CONDITIONS = DEBUG;
				SWIFT_OPTIMIZATION_LEVEL = "-Onone";
			};
			name = Debug;
		};
		6CDEC910255C380700FBB946 /* Release */ = {
			isa = XCBuildConfiguration;
			buildSettings = {
				ALWAYS_SEARCH_USER_PATHS = NO;
				CLANG_ANALYZER_NONNULL = YES;
				CLANG_ANALYZER_NUMBER_OBJECT_CONVERSION = YES_AGGRESSIVE;
				CLANG_CXX_LANGUAGE_STANDARD = "gnu++14";
				CLANG_CXX_LIBRARY = "libc++";
				CLANG_ENABLE_MODULES = YES;
				CLANG_ENABLE_OBJC_ARC = YES;
				CLANG_ENABLE_OBJC_WEAK = YES;
				CLANG_WARN_BLOCK_CAPTURE_AUTORELEASING = YES;
				CLANG_WARN_BOOL_CONVERSION = YES;
				CLANG_WARN_COMMA = YES;
				CLANG_WARN_CONSTANT_CONVERSION = YES;
				CLANG_WARN_DEPRECATED_OBJC_IMPLEMENTATIONS = YES;
				CLANG_WARN_DIRECT_OBJC_ISA_USAGE = YES_ERROR;
				CLANG_WARN_DOCUMENTATION_COMMENTS = YES;
				CLANG_WARN_EMPTY_BODY = YES;
				CLANG_WARN_ENUM_CONVERSION = YES;
				CLANG_WARN_INFINITE_RECURSION = YES;
				CLANG_WARN_INT_CONVERSION = YES;
				CLANG_WARN_NON_LITERAL_NULL_CONVERSION = YES;
				CLANG_WARN_OBJC_IMPLICIT_RETAIN_SELF = YES;
				CLANG_WARN_OBJC_LITERAL_CONVERSION = YES;
				CLANG_WARN_OBJC_ROOT_CLASS = YES_ERROR;
				CLANG_WARN_QUOTED_INCLUDE_IN_FRAMEWORK_HEADER = YES;
				CLANG_WARN_RANGE_LOOP_ANALYSIS = YES;
				CLANG_WARN_STRICT_PROTOTYPES = YES;
				CLANG_WARN_SUSPICIOUS_MOVE = YES;
				CLANG_WARN_UNGUARDED_AVAILABILITY = YES_AGGRESSIVE;
				CLANG_WARN_UNREACHABLE_CODE = YES;
				CLANG_WARN__DUPLICATE_METHOD_MATCH = YES;
				COPY_PHASE_STRIP = NO;
				DEBUG_INFORMATION_FORMAT = "dwarf-with-dsym";
				ENABLE_NS_ASSERTIONS = NO;
				ENABLE_STRICT_OBJC_MSGSEND = YES;
				GCC_C_LANGUAGE_STANDARD = gnu11;
				GCC_NO_COMMON_BLOCKS = YES;
				GCC_WARN_64_TO_32_BIT_CONVERSION = YES;
				GCC_WARN_ABOUT_RETURN_TYPE = YES_ERROR;
				GCC_WARN_UNDECLARED_SELECTOR = YES;
				GCC_WARN_UNINITIALIZED_AUTOS = YES_AGGRESSIVE;
				GCC_WARN_UNUSED_FUNCTION = YES;
				GCC_WARN_UNUSED_VARIABLE = YES;
				MACOSX_DEPLOYMENT_TARGET = 10.15;
				MTL_ENABLE_DEBUG_INFO = NO;
				MTL_FAST_MATH = YES;
				SDKROOT = macosx;
				SWIFT_COMPILATION_MODE = wholemodule;
				SWIFT_OPTIMIZATION_LEVEL = "-O";
			};
			name = Release;
		};
		6CDEC912255C380700FBB946 /* Debug */ = {
			isa = XCBuildConfiguration;
			buildSettings = {
				CODE_SIGN_IDENTITY = "-";
				CODE_SIGN_STYLE = Automatic;
				PRODUCT_NAME = "$(TARGET_NAME)";
				SWIFT_VERSION = 5.0;
			};
			name = Debug;
		};
		6CDEC913255C380700FBB946 /* Release */ = {
			isa = XCBuildConfiguration;
			buildSettings = {
				CODE_SIGN_IDENTITY = "-";
				CODE_SIGN_STYLE = Automatic;
				PRODUCT_NAME = "$(TARGET_NAME)";
				SWIFT_VERSION = 5.0;
			};
			name = Release;
		};
		6CDF0E6725E5F75E00A34561 /* Debug */ = {
			isa = XCBuildConfiguration;
			buildSettings = {
				ASSETCATALOG_COMPILER_APPICON_NAME = AppIcon;
				ASSETCATALOG_COMPILER_GLOBAL_ACCENT_COLOR_NAME = AccentColor;
				CODE_SIGN_STYLE = Automatic;
				DEVELOPMENT_TEAM = T59W99K34W;
				INFOPLIST_FILE = FrontOfAR/Info.plist;
				IPHONEOS_DEPLOYMENT_TARGET = 13.0;
				LD_RUNPATH_SEARCH_PATHS = (
					"$(inherited)",
					"@executable_path/Frameworks",
				);
				PRODUCT_BUNDLE_IDENTIFIER = com.computationalgeometry.FrontOfAR;
				PRODUCT_NAME = "$(TARGET_NAME)";
				SDKROOT = iphoneos;
				SWIFT_VERSION = 5.0;
				TARGETED_DEVICE_FAMILY = "1,2";
			};
			name = Debug;
		};
		6CDF0E6825E5F75E00A34561 /* Release */ = {
			isa = XCBuildConfiguration;
			buildSettings = {
				ASSETCATALOG_COMPILER_APPICON_NAME = AppIcon;
				ASSETCATALOG_COMPILER_GLOBAL_ACCENT_COLOR_NAME = AccentColor;
				CODE_SIGN_STYLE = Automatic;
				DEVELOPMENT_TEAM = T59W99K34W;
				INFOPLIST_FILE = FrontOfAR/Info.plist;
				IPHONEOS_DEPLOYMENT_TARGET = 13.0;
				LD_RUNPATH_SEARCH_PATHS = (
					"$(inherited)",
					"@executable_path/Frameworks",
				);
				PRODUCT_BUNDLE_IDENTIFIER = com.computationalgeometry.FrontOfAR;
				PRODUCT_NAME = "$(TARGET_NAME)";
				SDKROOT = iphoneos;
				SWIFT_VERSION = 5.0;
				TARGETED_DEVICE_FAMILY = "1,2";
				VALIDATE_PRODUCT = YES;
			};
			name = Release;
		};
		6CDF0E9425FDF23000A34561 /* Debug */ = {
			isa = XCBuildConfiguration;
			buildSettings = {
				ASSETCATALOG_COMPILER_APPICON_NAME = AppIcon;
				ASSETCATALOG_COMPILER_GLOBAL_ACCENT_COLOR_NAME = AccentColor;
				CODE_SIGN_ENTITLEMENTS = "RGB&YUV/RGB_YUV.entitlements";
				CODE_SIGN_STYLE = Automatic;
				COMBINE_HIDPI_IMAGES = YES;
				INFOPLIST_FILE = "RGB&YUV/Info.plist";
				LD_RUNPATH_SEARCH_PATHS = (
					"$(inherited)",
					"@executable_path/../Frameworks",
				);
				MACOSX_DEPLOYMENT_TARGET = 11.1;
				PRODUCT_BUNDLE_IDENTIFIER = "com.computationalgeometry.RGB-YUV";
				PRODUCT_NAME = "$(TARGET_NAME)";
				SWIFT_VERSION = 5.0;
			};
			name = Debug;
		};
		6CDF0E9525FDF23000A34561 /* Release */ = {
			isa = XCBuildConfiguration;
			buildSettings = {
				ASSETCATALOG_COMPILER_APPICON_NAME = AppIcon;
				ASSETCATALOG_COMPILER_GLOBAL_ACCENT_COLOR_NAME = AccentColor;
				CODE_SIGN_ENTITLEMENTS = "RGB&YUV/RGB_YUV.entitlements";
				CODE_SIGN_STYLE = Automatic;
				COMBINE_HIDPI_IMAGES = YES;
				INFOPLIST_FILE = "RGB&YUV/Info.plist";
				LD_RUNPATH_SEARCH_PATHS = (
					"$(inherited)",
					"@executable_path/../Frameworks",
				);
				MACOSX_DEPLOYMENT_TARGET = 11.1;
				PRODUCT_BUNDLE_IDENTIFIER = "com.computationalgeometry.RGB-YUV";
				PRODUCT_NAME = "$(TARGET_NAME)";
				SWIFT_VERSION = 5.0;
			};
			name = Release;
		};
		6CF73A1B27BE32130050BC7C /* Debug */ = {
			isa = XCBuildConfiguration;
			buildSettings = {
				ASSETCATALOG_COMPILER_APPICON_NAME = AppIcon;
				ASSETCATALOG_COMPILER_GLOBAL_ACCENT_COLOR_NAME = AccentColor;
				CLANG_CXX_LANGUAGE_STANDARD = "gnu++17";
				CODE_SIGN_STYLE = Automatic;
				CURRENT_PROJECT_VERSION = 1;
				DEVELOPMENT_TEAM = T59W99K34W;
				GENERATE_INFOPLIST_FILE = YES;
				INFOPLIST_KEY_NSCameraUsageDescription = "";
				INFOPLIST_KEY_UIApplicationSupportsIndirectInputEvents = YES;
				INFOPLIST_KEY_UILaunchStoryboardName = LaunchScreen;
				INFOPLIST_KEY_UIMainStoryboardFile = Main;
				INFOPLIST_KEY_UIRequiredDeviceCapabilities = arkit;
				INFOPLIST_KEY_UIStatusBarHidden = YES;
				INFOPLIST_KEY_UISupportedInterfaceOrientations_iPad = "UIInterfaceOrientationPortrait UIInterfaceOrientationPortraitUpsideDown UIInterfaceOrientationLandscapeLeft UIInterfaceOrientationLandscapeRight";
				INFOPLIST_KEY_UISupportedInterfaceOrientations_iPhone = "UIInterfaceOrientationPortrait UIInterfaceOrientationLandscapeLeft UIInterfaceOrientationLandscapeRight";
				IPHONEOS_DEPLOYMENT_TARGET = 15.0;
				LD_RUNPATH_SEARCH_PATHS = (
					"$(inherited)",
					"@executable_path/Frameworks",
				);
				MARKETING_VERSION = 1.0;
				PRODUCT_BUNDLE_IDENTIFIER = com.demo.RealityGeometry;
				PRODUCT_NAME = "$(TARGET_NAME)";
				SDKROOT = iphoneos;
				SWIFT_EMIT_LOC_STRINGS = YES;
				SWIFT_VERSION = 5.0;
				TARGETED_DEVICE_FAMILY = "1,2";
			};
			name = Debug;
		};
		6CF73A1C27BE32130050BC7C /* Release */ = {
			isa = XCBuildConfiguration;
			buildSettings = {
				ASSETCATALOG_COMPILER_APPICON_NAME = AppIcon;
				ASSETCATALOG_COMPILER_GLOBAL_ACCENT_COLOR_NAME = AccentColor;
				CLANG_CXX_LANGUAGE_STANDARD = "gnu++17";
				CODE_SIGN_STYLE = Automatic;
				CURRENT_PROJECT_VERSION = 1;
				DEVELOPMENT_TEAM = T59W99K34W;
				GENERATE_INFOPLIST_FILE = YES;
				INFOPLIST_KEY_NSCameraUsageDescription = "";
				INFOPLIST_KEY_UIApplicationSupportsIndirectInputEvents = YES;
				INFOPLIST_KEY_UILaunchStoryboardName = LaunchScreen;
				INFOPLIST_KEY_UIMainStoryboardFile = Main;
				INFOPLIST_KEY_UIRequiredDeviceCapabilities = arkit;
				INFOPLIST_KEY_UIStatusBarHidden = YES;
				INFOPLIST_KEY_UISupportedInterfaceOrientations_iPad = "UIInterfaceOrientationPortrait UIInterfaceOrientationPortraitUpsideDown UIInterfaceOrientationLandscapeLeft UIInterfaceOrientationLandscapeRight";
				INFOPLIST_KEY_UISupportedInterfaceOrientations_iPhone = "UIInterfaceOrientationPortrait UIInterfaceOrientationLandscapeLeft UIInterfaceOrientationLandscapeRight";
				IPHONEOS_DEPLOYMENT_TARGET = 15.0;
				LD_RUNPATH_SEARCH_PATHS = (
					"$(inherited)",
					"@executable_path/Frameworks",
				);
				MARKETING_VERSION = 1.0;
				PRODUCT_BUNDLE_IDENTIFIER = com.demo.RealityGeometry;
				PRODUCT_NAME = "$(TARGET_NAME)";
				SDKROOT = iphoneos;
				SWIFT_EMIT_LOC_STRINGS = YES;
				SWIFT_VERSION = 5.0;
				TARGETED_DEVICE_FAMILY = "1,2";
				VALIDATE_PRODUCT = YES;
			};
			name = Release;
		};
/* End XCBuildConfiguration section */

/* Begin XCConfigurationList section */
		6C3A8F462621747200EC55EA /* Build configuration list for PBXNativeTarget "SimultaneousEquations" */ = {
			isa = XCConfigurationList;
			buildConfigurations = (
				6C3A8F442621747200EC55EA /* Debug */,
				6C3A8F452621747200EC55EA /* Release */,
			);
			defaultConfigurationIsVisible = 0;
			defaultConfigurationName = Release;
		};
		6C93A42D2610A80A00AFB4EC /* Build configuration list for PBXNativeTarget "RelativeMovement" */ = {
			isa = XCConfigurationList;
			buildConfigurations = (
				6C93A42B2610A80A00AFB4EC /* Debug */,
				6C93A42C2610A80A00AFB4EC /* Release */,
			);
			defaultConfigurationIsVisible = 0;
			defaultConfigurationName = Release;
		};
		6CDEC905255C380700FBB946 /* Build configuration list for PBXProject "ComputationalGeometry" */ = {
			isa = XCConfigurationList;
			buildConfigurations = (
				6CDEC90F255C380700FBB946 /* Debug */,
				6CDEC910255C380700FBB946 /* Release */,
			);
			defaultConfigurationIsVisible = 0;
			defaultConfigurationName = Release;
		};
		6CDEC911255C380700FBB946 /* Build configuration list for PBXNativeTarget "ComputationalGeometry" */ = {
			isa = XCConfigurationList;
			buildConfigurations = (
				6CDEC912255C380700FBB946 /* Debug */,
				6CDEC913255C380700FBB946 /* Release */,
			);
			defaultConfigurationIsVisible = 0;
			defaultConfigurationName = Release;
		};
		6CDF0E6925E5F75E00A34561 /* Build configuration list for PBXNativeTarget "FrontOfAR" */ = {
			isa = XCConfigurationList;
			buildConfigurations = (
				6CDF0E6725E5F75E00A34561 /* Debug */,
				6CDF0E6825E5F75E00A34561 /* Release */,
			);
			defaultConfigurationIsVisible = 0;
			defaultConfigurationName = Release;
		};
		6CDF0E9625FDF23000A34561 /* Build configuration list for PBXNativeTarget "RGB&YUV" */ = {
			isa = XCConfigurationList;
			buildConfigurations = (
				6CDF0E9425FDF23000A34561 /* Debug */,
				6CDF0E9525FDF23000A34561 /* Release */,
			);
			defaultConfigurationIsVisible = 0;
			defaultConfigurationName = Release;
		};
		6CF73A1D27BE32130050BC7C /* Build configuration list for PBXNativeTarget "RealityGeometry" */ = {
			isa = XCConfigurationList;
			buildConfigurations = (
				6CF73A1B27BE32130050BC7C /* Debug */,
				6CF73A1C27BE32130050BC7C /* Release */,
			);
			defaultConfigurationIsVisible = 0;
			defaultConfigurationName = Release;
		};
/* End XCConfigurationList section */
	};
	rootObject = 6CDEC902255C380700FBB946 /* Project object */;
}
